
Microsoft Visual Studio Solution File, Format Version 12.00
# Visual Studio Version 16
VisualStudioVersion = 16.0.29709.97
MinimumVisualStudioVersion = 10.0.40219.1
Project("{FAE04EC0-301F-11D3-BF4B-00C04F79EFBC}") = "ConstructorEx", "ConstructorEx\ConstructorEx.csproj", "{CD00EE8B-EF15-49E4-AF1A-1B27B55E6856}"
EndProject
Global
	GlobalSection(SolutionConfigurationPlatforms) = preSolution
		Debug|Any CPU = Debug|Any CPU
		Release|Any CPU = Release|Any CPU
	EndGlobalSection
	GlobalSection(ProjectConfigurationPlatforms) = postSolution
		{CD00EE8B-EF15-49E4-AF1A-1B27B55E6856}.Debug|Any CPU.ActiveCfg = Debug|Any CPU
		{CD00EE8B-EF15-49E4-AF1A-1B27B55E6856}.Debug|Any CPU.Build.0 = Debug|Any CPU
		{CD00EE8B-EF15-49E4-AF1A-1B27B55E6856}.Release|Any CPU.ActiveCfg = Release|Any CPU
		{CD00EE8B-EF15-49E4-AF1A-1B27B55E6856}.Release|Any CPU.Build.0 = Release|Any CPU
	EndGlobalSection
	GlobalSection(SolutionProperties) = preSolution
		HideSolutionNode = FALSE
	EndGlobalSection
	GlobalSection(ExtensibilityGlobals) = postSolution
		SolutionGuid = {42DDC41F-6828-47E0-97BA-9B49CDC7B06B}
	EndGlobalSection
EndGlobal
